
Microsoft Visual Studio Solution File, Format Version 12.00
# Visual Studio Version 17
VisualStudioVersion = 17.14.36518.9
MinimumVisualStudioVersion = 10.0.40219.1
Project("{FAE04EC0-301F-11D3-BF4B-00C04F79EFBC}") = "Kickstart.Web", "Kickstart.Web\Kickstart.Web.csproj", "{97B4E8EB-7825-57C5-0C70-D22EB894A23F}"
EndProject
Project("{FAE04EC0-301F-11D3-BF4B-00C04F79EFBC}") = "Kickstart.Entities", "Kickstart.Entities\Kickstart.Entities.csproj", "{FE32206B-424C-83DC-F313-8B82B5876DAE}"
EndProject
Global
	GlobalSection(SolutionConfigurationPlatforms) = preSolution
		Debug|Any CPU = Debug|Any CPU
		Release|Any CPU = Release|Any CPU
	EndGlobalSection
	GlobalSection(ProjectConfigurationPlatforms) = postSolution
		{97B4E8EB-7825-57C5-0C70-D22EB894A23F}.Debug|Any CPU.ActiveCfg = Debug|Any CPU
		{97B4E8EB-7825-57C5-0C70-D22EB894A23F}.Debug|Any CPU.Build.0 = Debug|Any CPU
		{97B4E8EB-7825-57C5-0C70-D22EB894A23F}.Release|Any CPU.ActiveCfg = Release|Any CPU
		{97B4E8EB-7825-57C5-0C70-D22EB894A23F}.Release|Any CPU.Build.0 = Release|Any CPU
		{FE32206B-424C-83DC-F313-8B82B5876DAE}.Debug|Any CPU.ActiveCfg = Debug|Any CPU
		{FE32206B-424C-83DC-F313-8B82B5876DAE}.Debug|Any CPU.Build.0 = Debug|Any CPU
		{FE32206B-424C-83DC-F313-8B82B5876DAE}.Release|Any CPU.ActiveCfg = Release|Any CPU
		{FE32206B-424C-83DC-F313-8B82B5876DAE}.Release|Any CPU.Build.0 = Release|Any CPU
	EndGlobalSection
	GlobalSection(SolutionProperties) = preSolution
		HideSolutionNode = FALSE
	EndGlobalSection
	GlobalSection(ExtensibilityGlobals) = postSolution
		SolutionGuid = {008989C7-4B1E-4D4D-A4D0-B9B25E75862C}
	EndGlobalSection
EndGlobal
